{
    "version": 3,
    "terraform_version": "0.11.7",
    "serial": 12,
    "lineage": "89a7de71-daa2-cf51-5401-6e4d3b0c51ff",
    "modules": [
        {
            "path": [
                "root"
            ],
            "outputs": {},
            "resources": {
                "aws_default_network_acl.main_vpc_nacl": {
                    "type": "aws_default_network_acl",
                    "depends_on": [
                        "aws_subnet.main_vpc_subnet",
                        "aws_vpc.main_vpc"
                    ],
                    "primary": {
                        "id": "acl-028b2e10670dd5f5f",
                        "attributes": {
                            "default_network_acl_id": "acl-028b2e10670dd5f5f",
                            "egress.#": "1",
                            "egress.2943206146.action": "allow",
                            "egress.2943206146.cidr_block": "0.0.0.0/0",
                            "egress.2943206146.from_port": "0",
                            "egress.2943206146.icmp_code": "0",
                            "egress.2943206146.icmp_type": "0",
                            "egress.2943206146.ipv6_cidr_block": "",
                            "egress.2943206146.protocol": "-1",
                            "egress.2943206146.rule_no": "2",
                            "egress.2943206146.to_port": "0",
                            "id": "acl-028b2e10670dd5f5f",
                            "ingress.#": "1",
                            "ingress.1564094202.action": "allow",
                            "ingress.1564094202.cidr_block": "0.0.0.0/0",
                            "ingress.1564094202.from_port": "0",
                            "ingress.1564094202.icmp_code": "0",
                            "ingress.1564094202.icmp_type": "0",
                            "ingress.1564094202.ipv6_cidr_block": "",
                            "ingress.1564094202.protocol": "-1",
                            "ingress.1564094202.rule_no": "1",
                            "ingress.1564094202.to_port": "0",
                            "subnet_ids.#": "1",
                            "subnet_ids.1514767412": "subnet-076bb90ab43b8052a",
                            "tags.%": "1",
                            "tags.Name": "main_vpc_nacl",
                            "vpc_id": "vpc-0af1ca6b798eb1f5d"
                        },
                        "meta": {},
                        "tainted": false
                    },
                    "deposed": [],
                    "provider": "provider.aws"
                },
                "aws_default_route_table.main_vpc_default_route_table": {
                    "type": "aws_default_route_table",
                    "depends_on": [
                        "aws_internet_gateway.main_vpc_igw",
                        "aws_vpc.main_vpc"
                    ],
                    "primary": {
                        "id": "rtb-0c47d052582537a99",
                        "attributes": {
                            "default_route_table_id": "rtb-0c47d052582537a99",
                            "id": "rtb-0c47d052582537a99",
                            "propagating_vgws.#": "0",
                            "route.#": "1",
                            "route.1748873696.cidr_block": "0.0.0.0/0",
                            "route.1748873696.egress_only_gateway_id": "",
                            "route.1748873696.gateway_id": "igw-02336cd5de40b1819",
                            "route.1748873696.instance_id": "",
                            "route.1748873696.ipv6_cidr_block": "",
                            "route.1748873696.nat_gateway_id": "",
                            "route.1748873696.network_interface_id": "",
                            "route.1748873696.vpc_peering_connection_id": "",
                            "tags.%": "1",
                            "tags.Name": "main_vpc_default_route_table",
                            "vpc_id": "vpc-0af1ca6b798eb1f5d"
                        },
                        "meta": {},
                        "tainted": false
                    },
                    "deposed": [],
                    "provider": "provider.aws"
                },
                "aws_default_security_group.main_vpc_security_group": {
                    "type": "aws_default_security_group",
                    "depends_on": [
                        "aws_vpc.main_vpc"
                    ],
                    "primary": {
                        "id": "sg-06c3ec3b8dfe4afc5",
                        "attributes": {
                            "arn": "arn:aws:ec2:us-east-1:490759772757:security-group/sg-06c3ec3b8dfe4afc5",
                            "egress.#": "1",
                            "egress.482069346.cidr_blocks.#": "1",
                            "egress.482069346.cidr_blocks.0": "0.0.0.0/0",
                            "egress.482069346.description": "",
                            "egress.482069346.from_port": "0",
                            "egress.482069346.ipv6_cidr_blocks.#": "0",
                            "egress.482069346.prefix_list_ids.#": "0",
                            "egress.482069346.protocol": "-1",
                            "egress.482069346.security_groups.#": "0",
                            "egress.482069346.self": "false",
                            "egress.482069346.to_port": "0",
                            "id": "sg-06c3ec3b8dfe4afc5",
                            "ingress.#": "2",
                            "ingress.2541437006.cidr_blocks.#": "1",
                            "ingress.2541437006.cidr_blocks.0": "0.0.0.0/0",
                            "ingress.2541437006.description": "",
                            "ingress.2541437006.from_port": "22",
                            "ingress.2541437006.ipv6_cidr_blocks.#": "0",
                            "ingress.2541437006.protocol": "tcp",
                            "ingress.2541437006.security_groups.#": "0",
                            "ingress.2541437006.self": "false",
                            "ingress.2541437006.to_port": "22",
                            "ingress.433339597.cidr_blocks.#": "1",
                            "ingress.433339597.cidr_blocks.0": "0.0.0.0/0",
                            "ingress.433339597.description": "",
                            "ingress.433339597.from_port": "8888",
                            "ingress.433339597.ipv6_cidr_blocks.#": "0",
                            "ingress.433339597.protocol": "tcp",
                            "ingress.433339597.security_groups.#": "0",
                            "ingress.433339597.self": "false",
                            "ingress.433339597.to_port": "8888",
                            "name": "default",
                            "owner_id": "490759772757",
                            "revoke_rules_on_delete": "false",
                            "tags.%": "1",
                            "tags.Name": "main_vpc_security_group",
                            "vpc_id": "vpc-0af1ca6b798eb1f5d"
                        },
                        "meta": {
                            "e2bfb730-ecaa-11e6-8f88-34363bc7c4c0": {
                                "create": 600000000000,
                                "delete": 600000000000
                            },
                            "schema_version": "1"
                        },
                        "tainted": false
                    },
                    "deposed": [],
                    "provider": "provider.aws"
                },
                "aws_ebs_volume.dl": {
                    "type": "aws_ebs_volume",
                    "depends_on": [],
                    "primary": {
                        "id": "vol-0a63eff77c3326582",
                        "attributes": {
                            "arn": "arn:aws:ec2:us-east-1:490759772757:volume/vol-0a63eff77c3326582",
                            "availability_zone": "us-east-1a",
                            "encrypted": "false",
                            "id": "vol-0a63eff77c3326582",
                            "size": "1",
                            "snapshot_id": "",
                            "tags.%": "1",
                            "tags.Name": "aws_deep_learning_custom_spot",
                            "type": "standard"
                        },
                        "meta": {},
                        "tainted": false
                    },
                    "deposed": [],
                    "provider": "provider.aws"
                },
                "aws_internet_gateway.main_vpc_igw": {
                    "type": "aws_internet_gateway",
                    "depends_on": [
                        "aws_vpc.main_vpc"
                    ],
                    "primary": {
                        "id": "igw-02336cd5de40b1819",
                        "attributes": {
                            "id": "igw-02336cd5de40b1819",
                            "tags.%": "1",
                            "tags.Name": "main_vpc_igw",
                            "vpc_id": "vpc-0af1ca6b798eb1f5d"
                        },
                        "meta": {},
                        "tainted": false
                    },
                    "deposed": [],
                    "provider": "provider.aws"
                },
                "aws_spot_instance_request.aws_deep_learning_custom_spot": {
                    "type": "aws_spot_instance_request",
                    "depends_on": [
                        "aws_default_security_group.main_vpc_security_group",
                        "aws_subnet.main_vpc_subnet"
                    ],
                    "primary": {
                        "id": "sir-gdp84r1j",
                        "attributes": {
                            "ami": "ami-dff741a0",
                            "associate_public_ip_address": "true",
                            "block_duration_minutes": "0",
                            "ebs_block_device.#": "0",
                            "ephemeral_block_device.#": "0",
                            "get_password_data": "false",
                            "id": "sir-gdp84r1j",
                            "instance_interruption_behaviour": "terminate",
                            "instance_type": "p2.xlarge",
                            "ipv6_address_count": "0",
                            "ipv6_addresses.#": "0",
                            "key_name": "my-test",
                            "launch_group": "",
                            "monitoring": "true",
                            "network_interface.#": "0",
                            "network_interface_id": "eni-0a4f915ab323ccc24",
                            "password_data": "",
                            "private_dns": "ip-10-0-0-165.ec2.internal",
                            "private_ip": "10.0.0.165",
                            "public_dns": "ec2-52-87-153-7.compute-1.amazonaws.com",
                            "public_ip": "52.87.153.7",
                            "root_block_device.#": "1",
                            "root_block_device.0.delete_on_termination": "true",
                            "root_block_device.0.iops": "225",
                            "root_block_device.0.volume_id": "vol-0e06ce03cef528340",
                            "root_block_device.0.volume_size": "75",
                            "root_block_device.0.volume_type": "gp2",
                            "security_groups.#": "1",
                            "security_groups.636609035": "sg-06c3ec3b8dfe4afc5",
                            "source_dest_check": "true",
                            "spot_bid_status": "fulfilled",
                            "spot_instance_id": "i-06d90d544e57e66d3",
                            "spot_price": "0.30",
                            "spot_request_state": "active",
                            "spot_type": "persistent",
                            "subnet_id": "subnet-076bb90ab43b8052a",
                            "tags.%": "1",
                            "tags.Name": "aws_deep_learning_custom_spot",
                            "valid_from": "0001-01-01T00:00:00Z",
                            "valid_until": "0001-01-01T00:00:00Z",
                            "vpc_security_group_ids.#": "0",
                            "wait_for_fulfillment": "false"
                        },
                        "meta": {
                            "e2bfb730-ecaa-11e6-8f88-34363bc7c4c0": {
                                "create": 600000000000,
                                "delete": 1200000000000
                            }
                        },
                        "tainted": false
                    },
                    "deposed": [],
                    "provider": "provider.aws"
                },
                "aws_subnet.main_vpc_subnet": {
                    "type": "aws_subnet",
                    "depends_on": [
                        "aws_vpc.main_vpc"
                    ],
                    "primary": {
                        "id": "subnet-076bb90ab43b8052a",
                        "attributes": {
                            "assign_ipv6_address_on_creation": "false",
                            "availability_zone": "us-east-1e",
                            "cidr_block": "10.0.0.0/24",
                            "id": "subnet-076bb90ab43b8052a",
                            "map_public_ip_on_launch": "true",
                            "tags.%": "1",
                            "tags.Name": "main_vpc_subnet",
                            "vpc_id": "vpc-0af1ca6b798eb1f5d"
                        },
                        "meta": {
                            "schema_version": "1"
                        },
                        "tainted": false
                    },
                    "deposed": [],
                    "provider": "provider.aws"
                },
                "aws_vpc.main_vpc": {
                    "type": "aws_vpc",
                    "depends_on": [],
                    "primary": {
                        "id": "vpc-0af1ca6b798eb1f5d",
                        "attributes": {
                            "assign_generated_ipv6_cidr_block": "false",
                            "cidr_block": "10.0.0.0/24",
                            "default_network_acl_id": "acl-028b2e10670dd5f5f",
                            "default_route_table_id": "rtb-0c47d052582537a99",
                            "default_security_group_id": "sg-06c3ec3b8dfe4afc5",
                            "dhcp_options_id": "dopt-1541af6e",
                            "enable_classiclink": "false",
                            "enable_classiclink_dns_support": "false",
                            "enable_dns_hostnames": "true",
                            "enable_dns_support": "true",
                            "id": "vpc-0af1ca6b798eb1f5d",
                            "instance_tenancy": "default",
                            "main_route_table_id": "rtb-0c47d052582537a99",
                            "tags.%": "1",
                            "tags.Name": "main_vpc"
                        },
                        "meta": {
                            "schema_version": "1"
                        },
                        "tainted": false
                    },
                    "deposed": [],
                    "provider": "provider.aws"
                }
            },
            "depends_on": []
        }
    ]
}
